
Microsoft Visual Studio Solution File, Format Version 12.00
# Visual Studio Version 17
VisualStudioVersion = 17.7.34009.444
MinimumVisualStudioVersion = 10.0.40219.1
Project("{9A19103F-16F7-4668-BE54-9A1E7A4F7556}") = "Artikulo", "Artikulo\Artikulo.csproj", "{5E0A4EA8-249B-438F-A1B3-C8E146B32779}"
EndProject
Global
	GlobalSection(SolutionConfigurationPlatforms) = preSolution
		Debug|Any CPU = Debug|Any CPU
		Release|Any CPU = Release|Any CPU
	EndGlobalSection
	GlobalSection(ProjectConfigurationPlatforms) = postSolution
		{5E0A4EA8-249B-438F-A1B3-C8E146B32779}.Debug|Any CPU.ActiveCfg = Debug|Any CPU
		{5E0A4EA8-249B-438F-A1B3-C8E146B32779}.Debug|Any CPU.Build.0 = Debug|Any CPU
		{5E0A4EA8-249B-438F-A1B3-C8E146B32779}.Release|Any CPU.ActiveCfg = Release|Any CPU
		{5E0A4EA8-249B-438F-A1B3-C8E146B32779}.Release|Any CPU.Build.0 = Release|Any CPU
	EndGlobalSection
	GlobalSection(SolutionProperties) = preSolution
		HideSolutionNode = FALSE
	EndGlobalSection
	GlobalSection(ExtensibilityGlobals) = postSolution
		SolutionGuid = {74083306-8E70-466C-BE51-A60F0DC2A896}
	EndGlobalSection
EndGlobal
